# THIS IS AN AUTOGENERATED FILE. DO NOT EDIT THIS FILE DIRECTLY.
# yarn lockfile v1


axios@^0.19.1:
  version "0.19.2"
  resolved "http://npm.kroger.com/axios/-/axios-0.19.2.tgz#3ea36c5d8818d0d5f8a8a97a6d36b86cdc00cb27"
  integrity sha512-fjgm5MvRHLhx+osE2xoekY70AhARk3a6hkN+3Io1jc00jtquGvxYlKlsFUhmUET0V5te6CcZI7lcv2Ym61mjHA==
  dependencies:
    follow-redirects "1.5.10"

core-js@~3:
  version "3.21.0"
  resolved "http://npm.kroger.com/core-js/-/core-js-3.21.0.tgz#f479dbfc3dffb035a0827602dd056839a774aa71"
  integrity sha512-YUdI3fFu4TF/2WykQ2xzSiTQdldLB4KVuL9WeAy5XONZYt5Cun/fpQvctoKbCgvPhmzADeesTk/j2Rdx77AcKQ==

debug@=3.1.0:
  version "3.1.0"
  resolved "http://npm.kroger.com/debug/-/debug-3.1.0.tgz#5bb5a0672628b64149566ba16819e61518c67261"
  integrity sha512-OX8XqP7/1a9cqkxYw2yXss15f26NKWBpDXQd0/uK/KPqdQhxbPa994hnzjcE2VqQpDslf55723cKPUOGSmMY3g==
  dependencies:
    ms "2.0.0"

follow-redirects@1.5.10:
  version "1.5.10"
  resolved "http://npm.kroger.com/follow-redirects/-/follow-redirects-1.5.10.tgz#7b7a9f9aea2fdff36786a94ff643ed07f4ff5e2a"
  integrity sha512-0V5l4Cizzvqt5D44aTXbFZz+FtyXV1vrDN6qrelxtfYQKW0KO0W2T/hkE8xvGa/540LkZlkaUjO4ailYTFtHVQ==
  dependencies:
    debug "=3.1.0"

kroger-usage-metrics@^9.0.3:
  version "9.0.3"
  resolved "http://npm.kroger.com/kroger-usage-metrics/-/kroger-usage-metrics-9.0.3.tgz#1ce26b9302486f399406853ae6660ba8b369f043"
  integrity sha512-T3PTLNI/HYnBjYOzPhcaA0471wZJuG6f+tP7h4SZGidPLbspT28BjcTwRC5CtwYbyvm53UBDOhjz+HqczpOKxg==
  dependencies:
    axios "^0.19.1"
    core-js "~3"
    navigator.sendbeacon "0.0.14"

lodash@^4.17.21:
  version "4.17.21"
  resolved "http://npm.kroger.com/lodash/-/lodash-4.17.21.tgz#679591c564c3bffaae8454cf0b3df370c3d6911c"
  integrity sha512-v2kDEe57lecTulaDIuNTPy3Ry4gLGJ6Z1O3vE1krgXZNrsQ+LFTGHVxVjcXPs17LhbZVGedAJv8XZ1tvj5FvSg==

ms@2.0.0:
  version "2.0.0"
  resolved "http://npm.kroger.com/ms/-/ms-2.0.0.tgz#5608aeadfc00be6c2901df5f9861788de0d597c8"
  integrity sha1-VgiurfwAvmwpAd9fmGF4jeDVl8g=

navigator.sendbeacon@0.0.14:
  version "0.0.14"
  resolved "http://npm.kroger.com/navigator.sendbeacon/-/navigator.sendbeacon-0.0.14.tgz#5a98d0d0ebe20b724bed561606c4f2f4811dcf40"
  integrity sha512-u7IOrFfC0FSvgymi7legqrmB+3ygOWmbt6JIkzTc7uexcQySuTd4+0ucFG/hO+YQC40jEt2CWB1nMmFsiODDdA==
